
Microsoft Visual Studio Solution File, Format Version 12.00
# Visual Studio Version 17
VisualStudioVersion = 17.14.36518.9
MinimumVisualStudioVersion = 10.0.40219.1
Project("{FAE04EC0-301F-11D3-BF4B-00C04F79EFBC}") = "HospitalManagementSystem", "HospitalManagementSystem\HospitalManagementSystem.csproj", "{3D343B7C-568A-41E6-BE47-D13126074C2C}"
EndProject
Project("{FAE04EC0-301F-11D3-BF4B-00C04F79EFBC}") = "HospitalManagementSystem1", "HospitalManagementSystem1\HospitalManagementSystem1.csproj", "{A5CD38FE-988D-47D3-825D-A275645AAB73}"
EndProject
Global
	GlobalSection(SolutionConfigurationPlatforms) = preSolution
		Debug|Any CPU = Debug|Any CPU
		Release|Any CPU = Release|Any CPU
	EndGlobalSection
	GlobalSection(ProjectConfigurationPlatforms) = postSolution
		{3D343B7C-568A-41E6-BE47-D13126074C2C}.Debug|Any CPU.ActiveCfg = Debug|Any CPU
		{3D343B7C-568A-41E6-BE47-D13126074C2C}.Debug|Any CPU.Build.0 = Debug|Any CPU
		{3D343B7C-568A-41E6-BE47-D13126074C2C}.Release|Any CPU.ActiveCfg = Release|Any CPU
		{3D343B7C-568A-41E6-BE47-D13126074C2C}.Release|Any CPU.Build.0 = Release|Any CPU
		{A5CD38FE-988D-47D3-825D-A275645AAB73}.Debug|Any CPU.ActiveCfg = Debug|Any CPU
		{A5CD38FE-988D-47D3-825D-A275645AAB73}.Debug|Any CPU.Build.0 = Debug|Any CPU
		{A5CD38FE-988D-47D3-825D-A275645AAB73}.Release|Any CPU.ActiveCfg = Release|Any CPU
		{A5CD38FE-988D-47D3-825D-A275645AAB73}.Release|Any CPU.Build.0 = Release|Any CPU
	EndGlobalSection
	GlobalSection(SolutionProperties) = preSolution
		HideSolutionNode = FALSE
	EndGlobalSection
	GlobalSection(ExtensibilityGlobals) = postSolution
		SolutionGuid = {3244B1FA-4527-445B-A6D6-BF7625DE73BA}
	EndGlobalSection
EndGlobal
